
Microsoft Visual Studio Solution File, Format Version 12.00
# Visual Studio Version 16
VisualStudioVersion = 16.0.29806.167
MinimumVisualStudioVersion = 10.0.40219.1
Project("{FAE04EC0-301F-11D3-BF4B-00C04F79EFBC}") = "MyShuttle.Web", "MyShuttle\MyShuttle.Web.csproj", "{A3139EAC-730A-4B07-AF88-B801083E3906}"
EndProject
Project("{FAE04EC0-301F-11D3-BF4B-00C04F79EFBC}") = "MyShuttle.Model", "MyShuttle.Model\MyShuttle.Model.csproj", "{1148A324-1930-44E0-8CE1-CDA666415410}"
EndProject
Project("{FAE04EC0-301F-11D3-BF4B-00C04F79EFBC}") = "MyShuttle.Data", "MyShuttle.Data\MyShuttle.Data.csproj", "{AB5BE4C0-B29E-4A91-A372-5FF23D61369B}"
EndProject
Project("{2150E333-8FDC-42A3-9474-1A3956D46DE8}") = "src", "src", "{70FB0D12-0BEF-46C2-84DB-C20061138552}"
EndProject
Project("{2150E333-8FDC-42A3-9474-1A3956D46DE8}") = "test", "test", "{95426C2F-42AF-4FC4-8E13-212C58718852}"
EndProject
Project("{FAE04EC0-301F-11D3-BF4B-00C04F79EFBC}") = "MyShuttle.IntegrationTests", "MyShuttle.ITests\MyShuttle.IntegrationTests.csproj", "{E663377A-F209-4D94-A14B-AC8D06ADE0F4}"
EndProject
Global
	GlobalSection(SolutionConfigurationPlatforms) = preSolution
		Debug|Any CPU = Debug|Any CPU
		Release|Any CPU = Release|Any CPU
	EndGlobalSection
	GlobalSection(ProjectConfigurationPlatforms) = postSolution
		{A3139EAC-730A-4B07-AF88-B801083E3906}.Debug|Any CPU.ActiveCfg = Debug|Any CPU
		{A3139EAC-730A-4B07-AF88-B801083E3906}.Debug|Any CPU.Build.0 = Debug|Any CPU
		{A3139EAC-730A-4B07-AF88-B801083E3906}.Release|Any CPU.ActiveCfg = Release|Any CPU
		{A3139EAC-730A-4B07-AF88-B801083E3906}.Release|Any CPU.Build.0 = Release|Any CPU
		{1148A324-1930-44E0-8CE1-CDA666415410}.Debug|Any CPU.ActiveCfg = Debug|Any CPU
		{1148A324-1930-44E0-8CE1-CDA666415410}.Debug|Any CPU.Build.0 = Debug|Any CPU
		{1148A324-1930-44E0-8CE1-CDA666415410}.Release|Any CPU.ActiveCfg = Release|Any CPU
		{1148A324-1930-44E0-8CE1-CDA666415410}.Release|Any CPU.Build.0 = Release|Any CPU
		{AB5BE4C0-B29E-4A91-A372-5FF23D61369B}.Debug|Any CPU.ActiveCfg = Debug|Any CPU
		{AB5BE4C0-B29E-4A91-A372-5FF23D61369B}.Debug|Any CPU.Build.0 = Debug|Any CPU
		{AB5BE4C0-B29E-4A91-A372-5FF23D61369B}.Release|Any CPU.ActiveCfg = Release|Any CPU
		{AB5BE4C0-B29E-4A91-A372-5FF23D61369B}.Release|Any CPU.Build.0 = Release|Any CPU
		{E663377A-F209-4D94-A14B-AC8D06ADE0F4}.Debug|Any CPU.ActiveCfg = Debug|Any CPU
		{E663377A-F209-4D94-A14B-AC8D06ADE0F4}.Debug|Any CPU.Build.0 = Debug|Any CPU
		{E663377A-F209-4D94-A14B-AC8D06ADE0F4}.Release|Any CPU.ActiveCfg = Release|Any CPU
		{E663377A-F209-4D94-A14B-AC8D06ADE0F4}.Release|Any CPU.Build.0 = Release|Any CPU
	EndGlobalSection
	GlobalSection(SolutionProperties) = preSolution
		HideSolutionNode = FALSE
	EndGlobalSection
	GlobalSection(NestedProjects) = preSolution
		{A3139EAC-730A-4B07-AF88-B801083E3906} = {70FB0D12-0BEF-46C2-84DB-C20061138552}
		{1148A324-1930-44E0-8CE1-CDA666415410} = {70FB0D12-0BEF-46C2-84DB-C20061138552}
		{AB5BE4C0-B29E-4A91-A372-5FF23D61369B} = {70FB0D12-0BEF-46C2-84DB-C20061138552}
		{E663377A-F209-4D94-A14B-AC8D06ADE0F4} = {95426C2F-42AF-4FC4-8E13-212C58718852}
	EndGlobalSection
	GlobalSection(ExtensibilityGlobals) = postSolution
		SolutionGuid = {0EE6C34E-30CF-4532-818C-1582E53FDCA5}
	EndGlobalSection
EndGlobal
